
Microsoft Visual Studio Solution File, Format Version 12.00
# Visual Studio Version 16
VisualStudioVersion = 16.0.30611.23
MinimumVisualStudioVersion = 10.0.40219.1
Project("{FAE04EC0-301F-11D3-BF4B-00C04F79EFBC}") = "WindowServiceCodeForDEBUG", "WindowServiceCodeForDEBUG\WindowServiceCodeForDEBUG.csproj", "{903DFFCA-B694-4D4E-BFD3-C5BF8ADA5EB8}"
EndProject
Global
	GlobalSection(SolutionConfigurationPlatforms) = preSolution
		Debug|Any CPU = Debug|Any CPU
		Release|Any CPU = Release|Any CPU
	EndGlobalSection
	GlobalSection(ProjectConfigurationPlatforms) = postSolution
		{903DFFCA-B694-4D4E-BFD3-C5BF8ADA5EB8}.Debug|Any CPU.ActiveCfg = Debug|Any CPU
		{903DFFCA-B694-4D4E-BFD3-C5BF8ADA5EB8}.Debug|Any CPU.Build.0 = Debug|Any CPU
		{903DFFCA-B694-4D4E-BFD3-C5BF8ADA5EB8}.Release|Any CPU.ActiveCfg = Release|Any CPU
		{903DFFCA-B694-4D4E-BFD3-C5BF8ADA5EB8}.Release|Any CPU.Build.0 = Release|Any CPU
	EndGlobalSection
	GlobalSection(SolutionProperties) = preSolution
		HideSolutionNode = FALSE
	EndGlobalSection
	GlobalSection(ExtensibilityGlobals) = postSolution
		SolutionGuid = {75C78F8A-5805-4EC8-963E-19F05DAF22EC}
	EndGlobalSection
EndGlobal
